
Microsoft Visual Studio Solution File, Format Version 12.00
# Visual Studio Version 16
VisualStudioVersion = 16.0.30523.141
MinimumVisualStudioVersion = 10.0.40219.1
Project("{FAE04EC0-301F-11D3-BF4B-00C04F79EFBC}") = "ServidorCHAT", "ServidorCHAT\ServidorCHAT.csproj", "{58B5D4F4-C523-4CEF-A5EC-4A025FD33949}"
EndProject
Project("{FAE04EC0-301F-11D3-BF4B-00C04F79EFBC}") = "ClienteCHAT", "ClienteCHAT\ClienteCHAT.csproj", "{278A1887-7821-4656-BBEA-07DA24681A30}"
EndProject
Global
	GlobalSection(SolutionConfigurationPlatforms) = preSolution
		Debug|Any CPU = Debug|Any CPU
		Release|Any CPU = Release|Any CPU
	EndGlobalSection
	GlobalSection(ProjectConfigurationPlatforms) = postSolution
		{58B5D4F4-C523-4CEF-A5EC-4A025FD33949}.Debug|Any CPU.ActiveCfg = Debug|Any CPU
		{58B5D4F4-C523-4CEF-A5EC-4A025FD33949}.Debug|Any CPU.Build.0 = Debug|Any CPU
		{58B5D4F4-C523-4CEF-A5EC-4A025FD33949}.Release|Any CPU.ActiveCfg = Release|Any CPU
		{58B5D4F4-C523-4CEF-A5EC-4A025FD33949}.Release|Any CPU.Build.0 = Release|Any CPU
		{278A1887-7821-4656-BBEA-07DA24681A30}.Debug|Any CPU.ActiveCfg = Debug|Any CPU
		{278A1887-7821-4656-BBEA-07DA24681A30}.Debug|Any CPU.Build.0 = Debug|Any CPU
		{278A1887-7821-4656-BBEA-07DA24681A30}.Release|Any CPU.ActiveCfg = Release|Any CPU
		{278A1887-7821-4656-BBEA-07DA24681A30}.Release|Any CPU.Build.0 = Release|Any CPU
	EndGlobalSection
	GlobalSection(SolutionProperties) = preSolution
		HideSolutionNode = FALSE
	EndGlobalSection
	GlobalSection(ExtensibilityGlobals) = postSolution
		SolutionGuid = {0DA5691E-904E-4684-B16D-56AE3E75309E}
	EndGlobalSection
EndGlobal
